
Microsoft Visual Studio Solution File, Format Version 12.00
# Visual Studio Version 17
VisualStudioVersion = 17.1.32407.343
MinimumVisualStudioVersion = 10.0.40219.1
Project("{FAE04EC0-301F-11D3-BF4B-00C04F79EFBC}") = "ApiAstromania", "ApiAstromania\ApiAstromania.csproj", "{D06F2880-D100-4A93-AE9C-562593C77D76}"
EndProject
Global
	GlobalSection(SolutionConfigurationPlatforms) = preSolution
		Debug|Any CPU = Debug|Any CPU
		Release|Any CPU = Release|Any CPU
	EndGlobalSection
	GlobalSection(ProjectConfigurationPlatforms) = postSolution
		{D06F2880-D100-4A93-AE9C-562593C77D76}.Debug|Any CPU.ActiveCfg = Debug|Any CPU
		{D06F2880-D100-4A93-AE9C-562593C77D76}.Debug|Any CPU.Build.0 = Debug|Any CPU
		{D06F2880-D100-4A93-AE9C-562593C77D76}.Release|Any CPU.ActiveCfg = Release|Any CPU
		{D06F2880-D100-4A93-AE9C-562593C77D76}.Release|Any CPU.Build.0 = Release|Any CPU
	EndGlobalSection
	GlobalSection(SolutionProperties) = preSolution
		HideSolutionNode = FALSE
	EndGlobalSection
	GlobalSection(ExtensibilityGlobals) = postSolution
		SolutionGuid = {79601527-8118-4F81-98D2-94EEBADB8A06}
	EndGlobalSection
EndGlobal
